
Microsoft Visual Studio Solution File, Format Version 12.00
# Visual Studio Version 16
VisualStudioVersion = 16.0.29728.190
MinimumVisualStudioVersion = 10.0.40219.1
Project("{9A19103F-16F7-4668-BE54-9A1E7A4F7556}") = "SuppliesPriceLister", "SuppliesPriceLister.csproj", "{66347C5E-BC95-46AD-9FCD-2AF5937528E7}"
EndProject
Project("{FAE04EC0-301F-11D3-BF4B-00C04F79EFBC}") = "SuppliesPriceLister.Domain", "..\SuppliesPriceLister.Domain\SuppliesPriceLister.Domain.csproj", "{3F920F8F-43C8-42AF-9B3F-38E44420864E}"
EndProject
Project("{FAE04EC0-301F-11D3-BF4B-00C04F79EFBC}") = "SuppliesPriceLister.Interface", "..\SuppliesPriceLister.Interface\SuppliesPriceLister.Interface.csproj", "{BA5AE6F3-8CFF-4EEE-A886-771875CD8860}"
EndProject
Project("{FAE04EC0-301F-11D3-BF4B-00C04F79EFBC}") = "SuppliesPriceLister.Repository", "..\SuppliesPriceLister.Repository\SuppliesPriceLister.Repository.csproj", "{4470E9F2-7A24-490C-8B6A-5757C5981AD0}"
EndProject
Project("{FAE04EC0-301F-11D3-BF4B-00C04F79EFBC}") = "SuppliesPriceListerTest", "..\SuppliesPriceListerTest\SuppliesPriceListerTest.csproj", "{4318DF4B-AE5C-40A3-B97B-51AD365E67BB}"
EndProject
Global
	GlobalSection(SolutionConfigurationPlatforms) = preSolution
		Debug|Any CPU = Debug|Any CPU
		Release|Any CPU = Release|Any CPU
	EndGlobalSection
	GlobalSection(ProjectConfigurationPlatforms) = postSolution
		{66347C5E-BC95-46AD-9FCD-2AF5937528E7}.Debug|Any CPU.ActiveCfg = Debug|Any CPU
		{66347C5E-BC95-46AD-9FCD-2AF5937528E7}.Debug|Any CPU.Build.0 = Debug|Any CPU
		{66347C5E-BC95-46AD-9FCD-2AF5937528E7}.Release|Any CPU.ActiveCfg = Release|Any CPU
		{66347C5E-BC95-46AD-9FCD-2AF5937528E7}.Release|Any CPU.Build.0 = Release|Any CPU
		{3F920F8F-43C8-42AF-9B3F-38E44420864E}.Debug|Any CPU.ActiveCfg = Debug|Any CPU
		{3F920F8F-43C8-42AF-9B3F-38E44420864E}.Debug|Any CPU.Build.0 = Debug|Any CPU
		{3F920F8F-43C8-42AF-9B3F-38E44420864E}.Release|Any CPU.ActiveCfg = Release|Any CPU
		{3F920F8F-43C8-42AF-9B3F-38E44420864E}.Release|Any CPU.Build.0 = Release|Any CPU
		{BA5AE6F3-8CFF-4EEE-A886-771875CD8860}.Debug|Any CPU.ActiveCfg = Debug|Any CPU
		{BA5AE6F3-8CFF-4EEE-A886-771875CD8860}.Debug|Any CPU.Build.0 = Debug|Any CPU
		{BA5AE6F3-8CFF-4EEE-A886-771875CD8860}.Release|Any CPU.ActiveCfg = Release|Any CPU
		{BA5AE6F3-8CFF-4EEE-A886-771875CD8860}.Release|Any CPU.Build.0 = Release|Any CPU
		{4470E9F2-7A24-490C-8B6A-5757C5981AD0}.Debug|Any CPU.ActiveCfg = Debug|Any CPU
		{4470E9F2-7A24-490C-8B6A-5757C5981AD0}.Debug|Any CPU.Build.0 = Debug|Any CPU
		{4470E9F2-7A24-490C-8B6A-5757C5981AD0}.Release|Any CPU.ActiveCfg = Release|Any CPU
		{4470E9F2-7A24-490C-8B6A-5757C5981AD0}.Release|Any CPU.Build.0 = Release|Any CPU
		{4318DF4B-AE5C-40A3-B97B-51AD365E67BB}.Debug|Any CPU.ActiveCfg = Debug|Any CPU
		{4318DF4B-AE5C-40A3-B97B-51AD365E67BB}.Debug|Any CPU.Build.0 = Debug|Any CPU
		{4318DF4B-AE5C-40A3-B97B-51AD365E67BB}.Release|Any CPU.ActiveCfg = Release|Any CPU
		{4318DF4B-AE5C-40A3-B97B-51AD365E67BB}.Release|Any CPU.Build.0 = Release|Any CPU
	EndGlobalSection
	GlobalSection(SolutionProperties) = preSolution
		HideSolutionNode = FALSE
	EndGlobalSection
	GlobalSection(ExtensibilityGlobals) = postSolution
		SolutionGuid = {B67A00FC-539D-42A0-ABBD-AC409A55FA38}
	EndGlobalSection
EndGlobal
